// !$*UTF8*$!
{
	archiveVersion = 1;
	classes = {
	};
	objectVersion = 46;
	objects = {

/* Begin PBXBuildFile section */
		851D1DC01EAEED5A002F6418 /* main.m in Sources */ = {isa = PBXBuildFile; fileRef = 851D1DBF1EAEED5A002F6418 /* main.m */; };
		851D1DC31EAEED5A002F6418 /* AppDelegate.m in Sources */ = {isa = PBXBuildFile; fileRef = 851D1DC21EAEED5A002F6418 /* AppDelegate.m */; };
		851D1DC61EAEED5A002F6418 /* ViewController.m in Sources */ = {isa = PBXBuildFile; fileRef = 851D1DC51EAEED5A002F6418 /* ViewController.m */; };
		851D1DC91EAEED5A002F6418 /* Main.storyboard in Resources */ = {isa = PBXBuildFile; fileRef = 851D1DC71EAEED5A002F6418 /* Main.storyboard */; };
		851D1DCB1EAEED5A002F6418 /* Assets.xcassets in Resources */ = {isa = PBXBuildFile; fileRef = 851D1DCA1EAEED5A002F6418 /* Assets.xcassets */; };
		851D1DCE1EAEED5A002F6418 /* LaunchScreen.storyboard in Resources */ = {isa = PBXBuildFile; fileRef = 851D1DCC1EAEED5A002F6418 /* LaunchScreen.storyboard */; };
		851D1DE31EAEF19D002F6418 /* MVCController.m in Sources */ = {isa = PBXBuildFile; fileRef = 851D1DE11EAEF19D002F6418 /* MVCController.m */; };
		851D1DE41EAEF19D002F6418 /* MVCController.xib in Resources */ = {isa = PBXBuildFile; fileRef = 851D1DE21EAEF19D002F6418 /* MVCController.xib */; };
		851D1DE71EAEF1B1002F6418 /* MVCModel.m in Sources */ = {isa = PBXBuildFile; fileRef = 851D1DE61EAEF1B1002F6418 /* MVCModel.m */; };
		851D1DEA1EAEF1C2002F6418 /* MVCView.m in Sources */ = {isa = PBXBuildFile; fileRef = 851D1DE91EAEF1C2002F6418 /* MVCView.m */; };
		851D1DED1EAEF94C002F6418 /* MVPController.m in Sources */ = {isa = PBXBuildFile; fileRef = 851D1DEC1EAEF94C002F6418 /* MVPController.m */; };
		851D1DF01EAEF980002F6418 /* Presenter.m in Sources */ = {isa = PBXBuildFile; fileRef = 851D1DEF1EAEF980002F6418 /* Presenter.m */; };
		851D1DF31EAEF98A002F6418 /* MVPModel.m in Sources */ = {isa = PBXBuildFile; fileRef = 851D1DF21EAEF98A002F6418 /* MVPModel.m */; };
		851D1DF61EAEF998002F6418 /* MVPVIew.m in Sources */ = {isa = PBXBuildFile; fileRef = 851D1DF51EAEF998002F6418 /* MVPVIew.m */; };
		851D1DF91EAEFE03002F6418 /* MVVMView.m in Sources */ = {isa = PBXBuildFile; fileRef = 851D1DF81EAEFE03002F6418 /* MVVMView.m */; };
		851D1DFC1EAEFE1A002F6418 /* MVVMModel.m in Sources */ = {isa = PBXBuildFile; fileRef = 851D1DFB1EAEFE1A002F6418 /* MVVMModel.m */; };
		851D1DFF1EAEFE2B002F6418 /* MVVMViewModel.m in Sources */ = {isa = PBXBuildFile; fileRef = 851D1DFE1EAEFE2B002F6418 /* MVVMViewModel.m */; };
		851D1E021EAEFE40002F6418 /* MVVMController.m in Sources */ = {isa = PBXBuildFile; fileRef = 851D1E011EAEFE40002F6418 /* MVVMController.m */; };
/* End PBXBuildFile section */

/* Begin PBXFileReference section */
		851D1DBB1EAEED5A002F6418 /* iOS基础架构.app */ = {isa = PBXFileReference; explicitFileType = wrapper.application; includeInIndex = 0; path = "iOS基础架构.app"; sourceTree = BUILT_PRODUCTS_DIR; };
		851D1DBF1EAEED5A002F6418 /* main.m */ = {isa = PBXFileReference; lastKnownFileType = sourcecode.c.objc; path = main.m; sourceTree = "<group>"; };
		851D1DC11EAEED5A002F6418 /* AppDelegate.h */ = {isa = PBXFileReference; lastKnownFileType = sourcecode.c.h; path = AppDelegate.h; sourceTree = "<group>"; };
		851D1DC21EAEED5A002F6418 /* AppDelegate.m */ = {isa = PBXFileReference; lastKnownFileType = sourcecode.c.objc; path = AppDelegate.m; sourceTree = "<group>"; };
		851D1DC41EAEED5A002F6418 /* ViewController.h */ = {isa = PBXFileReference; lastKnownFileType = sourcecode.c.h; path = ViewController.h; sourceTree = "<group>"; };
		851D1DC51EAEED5A002F6418 /* ViewController.m */ = {isa = PBXFileReference; lastKnownFileType = sourcecode.c.objc; path = ViewController.m; sourceTree = "<group>"; };
		851D1DC81EAEED5A002F6418 /* Base */ = {isa = PBXFileReference; lastKnownFileType = file.storyboard; name = Base; path = Base.lproj/Main.storyboard; sourceTree = "<group>"; };
		851D1DCA1EAEED5A002F6418 /* Assets.xcassets */ = {isa = PBXFileReference; lastKnownFileType = folder.assetcatalog; path = Assets.xcassets; sourceTree = "<group>"; };
		851D1DCD1EAEED5A002F6418 /* Base */ = {isa = PBXFileReference; lastKnownFileType = file.storyboard; name = Base; path = Base.lproj/LaunchScreen.storyboard; sourceTree = "<group>"; };
		851D1DCF1EAEED5A002F6418 /* Info.plist */ = {isa = PBXFileReference; lastKnownFileType = text.plist.xml; path = Info.plist; sourceTree = "<group>"; };
		851D1DE01EAEF19D002F6418 /* MVCController.h */ = {isa = PBXFileReference; fileEncoding = 4; lastKnownFileType = sourcecode.c.h; path = MVCController.h; sourceTree = "<group>"; };
		851D1DE11EAEF19D002F6418 /* MVCController.m */ = {isa = PBXFileReference; fileEncoding = 4; lastKnownFileType = sourcecode.c.objc; path = MVCController.m; sourceTree = "<group>"; };
		851D1DE21EAEF19D002F6418 /* MVCController.xib */ = {isa = PBXFileReference; fileEncoding = 4; lastKnownFileType = file.xib; path = MVCController.xib; sourceTree = "<group>"; };
		851D1DE51EAEF1B1002F6418 /* MVCModel.h */ = {isa = PBXFileReference; fileEncoding = 4; lastKnownFileType = sourcecode.c.h; path = MVCModel.h; sourceTree = "<group>"; };
		851D1DE61EAEF1B1002F6418 /* MVCModel.m */ = {isa = PBXFileReference; fileEncoding = 4; lastKnownFileType = sourcecode.c.objc; path = MVCModel.m; sourceTree = "<group>"; };
		851D1DE81EAEF1C2002F6418 /* MVCView.h */ = {isa = PBXFileReference; fileEncoding = 4; lastKnownFileType = sourcecode.c.h; path = MVCView.h; sourceTree = "<group>"; };
		851D1DE91EAEF1C2002F6418 /* MVCView.m */ = {isa = PBXFileReference; fileEncoding = 4; lastKnownFileType = sourcecode.c.objc; path = MVCView.m; sourceTree = "<group>"; };
		851D1DEB1EAEF94C002F6418 /* MVPController.h */ = {isa = PBXFileReference; fileEncoding = 4; lastKnownFileType = sourcecode.c.h; path = MVPController.h; sourceTree = "<group>"; };
		851D1DEC1EAEF94C002F6418 /* MVPController.m */ = {isa = PBXFileReference; fileEncoding = 4; lastKnownFileType = sourcecode.c.objc; path = MVPController.m; sourceTree = "<group>"; };
		851D1DEE1EAEF980002F6418 /* Presenter.h */ = {isa = PBXFileReference; fileEncoding = 4; lastKnownFileType = sourcecode.c.h; path = Presenter.h; sourceTree = "<group>"; };
		851D1DEF1EAEF980002F6418 /* Presenter.m */ = {isa = PBXFileReference; fileEncoding = 4; lastKnownFileType = sourcecode.c.objc; path = Presenter.m; sourceTree = "<group>"; };
		851D1DF11EAEF98A002F6418 /* MVPModel.h */ = {isa = PBXFileReference; fileEncoding = 4; lastKnownFileType = sourcecode.c.h; path = MVPModel.h; sourceTree = "<group>"; };
		851D1DF21EAEF98A002F6418 /* MVPModel.m */ = {isa = PBXFileReference; fileEncoding = 4; lastKnownFileType = sourcecode.c.objc; path = MVPModel.m; sourceTree = "<group>"; };
		851D1DF41EAEF998002F6418 /* MVPVIew.h */ = {isa = PBXFileReference; fileEncoding = 4; lastKnownFileType = sourcecode.c.h; path = MVPVIew.h; sourceTree = "<group>"; };
		851D1DF51EAEF998002F6418 /* MVPVIew.m */ = {isa = PBXFileReference; fileEncoding = 4; lastKnownFileType = sourcecode.c.objc; path = MVPVIew.m; sourceTree = "<group>"; };
		851D1DF71EAEFE03002F6418 /* MVVMView.h */ = {isa = PBXFileReference; fileEncoding = 4; lastKnownFileType = sourcecode.c.h; path = MVVMView.h; sourceTree = "<group>"; };
		851D1DF81EAEFE03002F6418 /* MVVMView.m */ = {isa = PBXFileReference; fileEncoding = 4; lastKnownFileType = sourcecode.c.objc; path = MVVMView.m; sourceTree = "<group>"; };
		851D1DFA1EAEFE1A002F6418 /* MVVMModel.h */ = {isa = PBXFileReference; fileEncoding = 4; lastKnownFileType = sourcecode.c.h; path = MVVMModel.h; sourceTree = "<group>"; };
		851D1DFB1EAEFE1A002F6418 /* MVVMModel.m */ = {isa = PBXFileReference; fileEncoding = 4; lastKnownFileType = sourcecode.c.objc; path = MVVMModel.m; sourceTree = "<group>"; };
		851D1DFD1EAEFE2B002F6418 /* MVVMViewModel.h */ = {isa = PBXFileReference; fileEncoding = 4; lastKnownFileType = sourcecode.c.h; path = MVVMViewModel.h; sourceTree = "<group>"; };
		851D1DFE1EAEFE2B002F6418 /* MVVMViewModel.m */ = {isa = PBXFileReference; fileEncoding = 4; lastKnownFileType = sourcecode.c.objc; path = MVVMViewModel.m; sourceTree = "<group>"; };
		851D1E001EAEFE40002F6418 /* MVVMController.h */ = {isa = PBXFileReference; fileEncoding = 4; lastKnownFileType = sourcecode.c.h; path = MVVMController.h; sourceTree = "<group>"; };
		851D1E011EAEFE40002F6418 /* MVVMController.m */ = {isa = PBXFileReference; fileEncoding = 4; lastKnownFileType = sourcecode.c.objc; path = MVVMController.m; sourceTree = "<group>"; };
/* End PBXFileReference section */

/* Begin PBXFrameworksBuildPhase section */
		851D1DB81EAEED5A002F6418 /* Frameworks */ = {
			isa = PBXFrameworksBuildPhase;
			buildActionMask = 2147483647;
			files = (
			);
			runOnlyForDeploymentPostprocessing = 0;
		};
/* End PBXFrameworksBuildPhase section */

/* Begin PBXGroup section */
		851D1DB21EAEED5A002F6418 = {
			isa = PBXGroup;
			children = (
				851D1DBD1EAEED5A002F6418 /* iOS基础架构 */,
				851D1DBC1EAEED5A002F6418 /* Products */,
			);
			sourceTree = "<group>";
		};
		851D1DBC1EAEED5A002F6418 /* Products */ = {
			isa = PBXGroup;
			children = (
				851D1DBB1EAEED5A002F6418 /* iOS基础架构.app */,
			);
			name = Products;
			sourceTree = "<group>";
		};
		851D1DBD1EAEED5A002F6418 /* iOS基础架构 */ = {
			isa = PBXGroup;
			children = (
				851D1DDB1EAEF17F002F6418 /* MVVM */,
				851D1DDC1EAEF17F002F6418 /* MVP */,
				851D1DDD1EAEF17F002F6418 /* MVC */,
				851D1DDE1EAEF17F002F6418 /* CCD */,
				851D1DDF1EAEF17F002F6418 /* 分层架构 */,
				851D1DC11EAEED5A002F6418 /* AppDelegate.h */,
				851D1DC21EAEED5A002F6418 /* AppDelegate.m */,
				851D1DC41EAEED5A002F6418 /* ViewController.h */,
				851D1DC51EAEED5A002F6418 /* ViewController.m */,
				851D1DC71EAEED5A002F6418 /* Main.storyboard */,
				851D1DCA1EAEED5A002F6418 /* Assets.xcassets */,
				851D1DCC1EAEED5A002F6418 /* LaunchScreen.storyboard */,
				851D1DCF1EAEED5A002F6418 /* Info.plist */,
				851D1DBE1EAEED5A002F6418 /* Supporting Files */,
			);
			path = "iOS基础架构";
			sourceTree = "<group>";
		};
		851D1DBE1EAEED5A002F6418 /* Supporting Files */ = {
			isa = PBXGroup;
			children = (
				851D1DBF1EAEED5A002F6418 /* main.m */,
			);
			name = "Supporting Files";
			sourceTree = "<group>";
		};
		851D1DDB1EAEF17F002F6418 /* MVVM */ = {
			isa = PBXGroup;
			children = (
				851D1DF71EAEFE03002F6418 /* MVVMView.h */,
				851D1DF81EAEFE03002F6418 /* MVVMView.m */,
				851D1DFA1EAEFE1A002F6418 /* MVVMModel.h */,
				851D1DFB1EAEFE1A002F6418 /* MVVMModel.m */,
				851D1DFD1EAEFE2B002F6418 /* MVVMViewModel.h */,
				851D1DFE1EAEFE2B002F6418 /* MVVMViewModel.m */,
				851D1E001EAEFE40002F6418 /* MVVMController.h */,
				851D1E011EAEFE40002F6418 /* MVVMController.m */,
			);
			path = MVVM;
			sourceTree = "<group>";
		};
		851D1DDC1EAEF17F002F6418 /* MVP */ = {
			isa = PBXGroup;
			children = (
				851D1DEB1EAEF94C002F6418 /* MVPController.h */,
				851D1DEC1EAEF94C002F6418 /* MVPController.m */,
				851D1DEE1EAEF980002F6418 /* Presenter.h */,
				851D1DEF1EAEF980002F6418 /* Presenter.m */,
				851D1DF11EAEF98A002F6418 /* MVPModel.h */,
				851D1DF21EAEF98A002F6418 /* MVPModel.m */,
				851D1DF41EAEF998002F6418 /* MVPVIew.h */,
				851D1DF51EAEF998002F6418 /* MVPVIew.m */,
			);
			path = MVP;
			sourceTree = "<group>";
		};
		851D1DDD1EAEF17F002F6418 /* MVC */ = {
			isa = PBXGroup;
			children = (
				851D1DE01EAEF19D002F6418 /* MVCController.h */,
				851D1DE11EAEF19D002F6418 /* MVCController.m */,
				851D1DE21EAEF19D002F6418 /* MVCController.xib */,
				851D1DE51EAEF1B1002F6418 /* MVCModel.h */,
				851D1DE61EAEF1B1002F6418 /* MVCModel.m */,
				851D1DE81EAEF1C2002F6418 /* MVCView.h */,
				851D1DE91EAEF1C2002F6418 /* MVCView.m */,
			);
			path = MVC;
			sourceTree = "<group>";
		};
		851D1DDE1EAEF17F002F6418 /* CCD */ = {
			isa = PBXGroup;
			children = (
			);
			path = CCD;
			sourceTree = "<group>";
		};
		851D1DDF1EAEF17F002F6418 /* 分层架构 */ = {
			isa = PBXGroup;
			children = (
			);
			path = "分层架构";
			sourceTree = "<group>";
		};
/* End PBXGroup section */

/* Begin PBXNativeTarget section */
		851D1DBA1EAEED5A002F6418 /* iOS基础架构 */ = {
			isa = PBXNativeTarget;
			buildConfigurationList = 851D1DD21EAEED5A002F6418 /* Build configuration list for PBXNativeTarget "iOS基础架构" */;
			buildPhases = (
				851D1DB71EAEED5A002F6418 /* Sources */,
				851D1DB81EAEED5A002F6418 /* Frameworks */,
				851D1DB91EAEED5A002F6418 /* Resources */,
			);
			buildRules = (
			);
			dependencies = (
			);
			name = "iOS基础架构";
			productName = "iOS基础架构";
			productReference = 851D1DBB1EAEED5A002F6418 /* iOS基础架构.app */;
			productType = "com.apple.product-type.application";
		};
/* End PBXNativeTarget section */

/* Begin PBXProject section */
		851D1DB31EAEED5A002F6418 /* Project object */ = {
			isa = PBXProject;
			attributes = {
				LastUpgradeCheck = 0830;
				ORGANIZATIONNAME = liangxue;
				TargetAttributes = {
					851D1DBA1EAEED5A002F6418 = {
						CreatedOnToolsVersion = 8.3;
						DevelopmentTeam = KY796692DU;
						ProvisioningStyle = Automatic;
					};
				};
			};
			buildConfigurationList = 851D1DB61EAEED5A002F6418 /* Build configuration list for PBXProject "iOS基础架构" */;
			compatibilityVersion = "Xcode 3.2";
			developmentRegion = English;
			hasScannedForEncodings = 0;
			knownRegions = (
				en,
				Base,
			);
			mainGroup = 851D1DB21EAEED5A002F6418;
			productRefGroup = 851D1DBC1EAEED5A002F6418 /* Products */;
			projectDirPath = "";
			projectRoot = "";
			targets = (
				851D1DBA1EAEED5A002F6418 /* iOS基础架构 */,
			);
		};
/* End PBXProject section */

/* Begin PBXResourcesBuildPhase section */
		851D1DB91EAEED5A002F6418 /* Resources */ = {
			isa = PBXResourcesBuildPhase;
			buildActionMask = 2147483647;
			files = (
				851D1DE41EAEF19D002F6418 /* MVCController.xib in Resources */,
				851D1DCE1EAEED5A002F6418 /* LaunchScreen.storyboard in Resources */,
				851D1DCB1EAEED5A002F6418 /* Assets.xcassets in Resources */,
				851D1DC91EAEED5A002F6418 /* Main.storyboard in Resources */,
			);
			runOnlyForDeploymentPostprocessing = 0;
		};
/* End PBXResourcesBuildPhase section */

/* Begin PBXSourcesBuildPhase section */
		851D1DB71EAEED5A002F6418 /* Sources */ = {
			isa = PBXSourcesBuildPhase;
			buildActionMask = 2147483647;
			files = (
				851D1DE31EAEF19D002F6418 /* MVCController.m in Sources */,
				851D1DEA1EAEF1C2002F6418 /* MVCView.m in Sources */,
				851D1DED1EAEF94C002F6418 /* MVPController.m in Sources */,
				851D1DC61EAEED5A002F6418 /* ViewController.m in Sources */,
				851D1DE71EAEF1B1002F6418 /* MVCModel.m in Sources */,
				851D1DFC1EAEFE1A002F6418 /* MVVMModel.m in Sources */,
				851D1DFF1EAEFE2B002F6418 /* MVVMViewModel.m in Sources */,
				851D1DF31EAEF98A002F6418 /* MVPModel.m in Sources */,
				851D1DC31EAEED5A002F6418 /* AppDelegate.m in Sources */,
				851D1DF91EAEFE03002F6418 /* MVVMView.m in Sources */,
				851D1DF01EAEF980002F6418 /* Presenter.m in Sources */,
				851D1DF61EAEF998002F6418 /* MVPVIew.m in Sources */,
				851D1DC01EAEED5A002F6418 /* main.m in Sources */,
				851D1E021EAEFE40002F6418 /* MVVMController.m in Sources */,
			);
			runOnlyForDeploymentPostprocessing = 0;
		};
/* End PBXSourcesBuildPhase section */

/* Begin PBXVariantGroup section */
		851D1DC71EAEED5A002F6418 /* Main.storyboard */ = {
			isa = PBXVariantGroup;
			children = (
				851D1DC81EAEED5A002F6418 /* Base */,
			);
			name = Main.storyboard;
			sourceTree = "<group>";
		};
		851D1DCC1EAEED5A002F6418 /* LaunchScreen.storyboard */ = {
			isa = PBXVariantGroup;
			children = (
				851D1DCD1EAEED5A002F6418 /* Base */,
			);
			name = LaunchScreen.storyboard;
			sourceTree = "<group>";
		};
/* End PBXVariantGroup section */

/* Begin XCBuildConfiguration section */
		851D1DD01EAEED5A002F6418 /* Debug */ = {
			isa = XCBuildConfiguration;
			buildSettings = {
				ALWAYS_SEARCH_USER_PATHS = NO;
				CLANG_ANALYZER_NONNULL = YES;
				CLANG_ANALYZER_NUMBER_OBJECT_CONVERSION = YES_AGGRESSIVE;
				CLANG_CXX_LANGUAGE_STANDARD = "gnu++0x";
				CLANG_CXX_LIBRARY = "libc++";
				CLANG_ENABLE_MODULES = YES;
				CLANG_ENABLE_OBJC_ARC = YES;
				CLANG_WARN_BOOL_CONVERSION = YES;
				CLANG_WARN_CONSTANT_CONVERSION = YES;
				CLANG_WARN_DIRECT_OBJC_ISA_USAGE = YES_ERROR;
				CLANG_WARN_DOCUMENTATION_COMMENTS = YES;
				CLANG_WARN_EMPTY_BODY = YES;
				CLANG_WARN_ENUM_CONVERSION = YES;
				CLANG_WARN_INFINITE_RECURSION = YES;
				CLANG_WARN_INT_CONVERSION = YES;
				CLANG_WARN_OBJC_ROOT_CLASS = YES_ERROR;
				CLANG_WARN_SUSPICIOUS_MOVE = YES;
				CLANG_WARN_UNREACHABLE_CODE = YES;
				CLANG_WARN__DUPLICATE_METHOD_MATCH = YES;
				"CODE_SIGN_IDENTITY[sdk=iphoneos*]" = "iPhone Developer";
				COPY_PHASE_STRIP = NO;
				DEBUG_INFORMATION_FORMAT = dwarf;
				ENABLE_STRICT_OBJC_MSGSEND = YES;
				ENABLE_TESTABILITY = YES;
				GCC_C_LANGUAGE_STANDARD = gnu99;
				GCC_DYNAMIC_NO_PIC = NO;
				GCC_NO_COMMON_BLOCKS = YES;
				GCC_OPTIMIZATION_LEVEL = 0;
				GCC_PREPROCESSOR_DEFINITIONS = (
					"DEBUG=1",
					"$(inherited)",
				);
				GCC_WARN_64_TO_32_BIT_CONVERSION = YES;
				GCC_WARN_ABOUT_RETURN_TYPE = YES_ERROR;
				GCC_WARN_UNDECLARED_SELECTOR = YES;
				GCC_WARN_UNINITIALIZED_AUTOS = YES_AGGRESSIVE;
				GCC_WARN_UNUSED_FUNCTION = YES;
				GCC_WARN_UNUSED_VARIABLE = YES;
				IPHONEOS_DEPLOYMENT_TARGET = 10.3;
				MTL_ENABLE_DEBUG_INFO = YES;
				ONLY_ACTIVE_ARCH = YES;
				SDKROOT = iphoneos;
			};
			name = Debug;
		};
		851D1DD11EAEED5A002F6418 /* Release */ = {
			isa = XCBuildConfiguration;
			buildSettings = {
				ALWAYS_SEARCH_USER_PATHS = NO;
				CLANG_ANALYZER_NONNULL = YES;
				CLANG_ANALYZER_NUMBER_OBJECT_CONVERSION = YES_AGGRESSIVE;
				CLANG_CXX_LANGUAGE_STANDARD = "gnu++0x";
				CLANG_CXX_LIBRARY = "libc++";
				CLANG_ENABLE_MODULES = YES;
				CLANG_ENABLE_OBJC_ARC = YES;
				CLANG_WARN_BOOL_CONVERSION = YES;
				CLANG_WARN_CONSTANT_CONVERSION = YES;
				CLANG_WARN_DIRECT_OBJC_ISA_USAGE = YES_ERROR;
				CLANG_WARN_DOCUMENTATION_COMMENTS = YES;
				CLANG_WARN_EMPTY_BODY = YES;
				CLANG_WARN_ENUM_CONVERSION = YES;
				CLANG_WARN_INFINITE_RECURSION = YES;
				CLANG_WARN_INT_CONVERSION = YES;
				CLANG_WARN_OBJC_ROOT_CLASS = YES_ERROR;
				CLANG_WARN_SUSPICIOUS_MOVE = YES;
				CLANG_WARN_UNREACHABLE_CODE = YES;
				CLANG_WARN__DUPLICATE_METHOD_MATCH = YES;
				"CODE_SIGN_IDENTITY[sdk=iphoneos*]" = "iPhone Developer";
				COPY_PHASE_STRIP = NO;
				DEBUG_INFORMATION_FORMAT = "dwarf-with-dsym";
				ENABLE_NS_ASSERTIONS = NO;
				ENABLE_STRICT_OBJC_MSGSEND = YES;
				GCC_C_LANGUAGE_STANDARD = gnu99;
				GCC_NO_COMMON_BLOCKS = YES;
				GCC_WARN_64_TO_32_BIT_CONVERSION = YES;
				GCC_WARN_ABOUT_RETURN_TYPE = YES_ERROR;
				GCC_WARN_UNDECLARED_SELECTOR = YES;
				GCC_WARN_UNINITIALIZED_AUTOS = YES_AGGRESSIVE;
				GCC_WARN_UNUSED_FUNCTION = YES;
				GCC_WARN_UNUSED_VARIABLE = YES;
				IPHONEOS_DEPLOYMENT_TARGET = 10.3;
				MTL_ENABLE_DEBUG_INFO = NO;
				SDKROOT = iphoneos;
				VALIDATE_PRODUCT = YES;
			};
			name = Release;
		};
		851D1DD31EAEED5A002F6418 /* Debug */ = {
			isa = XCBuildConfiguration;
			buildSettings = {
				ASSETCATALOG_COMPILER_APPICON_NAME = AppIcon;
				DEVELOPMENT_TEAM = KY796692DU;
				INFOPLIST_FILE = "iOS基础架构/Info.plist";
				LD_RUNPATH_SEARCH_PATHS = "$(inherited) @executable_path/Frameworks";
				PRODUCT_BUNDLE_IDENTIFIER = "com.yztMerchant.yztCompany.iOS----";
				PRODUCT_NAME = "$(TARGET_NAME)";
			};
			name = Debug;
		};
		851D1DD41EAEED5A002F6418 /* Release */ = {
			isa = XCBuildConfiguration;
			buildSettings = {
				ASSETCATALOG_COMPILER_APPICON_NAME = AppIcon;
				DEVELOPMENT_TEAM = KY796692DU;
				INFOPLIST_FILE = "iOS基础架构/Info.plist";
				LD_RUNPATH_SEARCH_PATHS = "$(inherited) @executable_path/Frameworks";
				PRODUCT_BUNDLE_IDENTIFIER = "com.yztMerchant.yztCompany.iOS----";
				PRODUCT_NAME = "$(TARGET_NAME)";
			};
			name = Release;
		};
/* End XCBuildConfiguration section */

/* Begin XCConfigurationList section */
		851D1DB61EAEED5A002F6418 /* Build configuration list for PBXProject "iOS基础架构" */ = {
			isa = XCConfigurationList;
			buildConfigurations = (
				851D1DD01EAEED5A002F6418 /* Debug */,
				851D1DD11EAEED5A002F6418 /* Release */,
			);
			defaultConfigurationIsVisible = 0;
			defaultConfigurationName = Release;
		};
		851D1DD21EAEED5A002F6418 /* Build configuration list for PBXNativeTarget "iOS基础架构" */ = {
			isa = XCConfigurationList;
			buildConfigurations = (
				851D1DD31EAEED5A002F6418 /* Debug */,
				851D1DD41EAEED5A002F6418 /* Release */,
			);
			defaultConfigurationIsVisible = 0;
		};
/* End XCConfigurationList section */
	};
	rootObject = 851D1DB31EAEED5A002F6418 /* Project object */;
}
